
Microsoft Visual Studio Solution File, Format Version 12.00
# Visual Studio Version 17
VisualStudioVersion = 17.14.36301.6
MinimumVisualStudioVersion = 10.0.40219.1
Project("{FAE04EC0-301F-11D3-BF4B-00C04F79EFBC}") = "Hastel.Server", "src\Hastel.Server\Hastel.Server.csproj", "{96E9AAFB-3BD3-12B0-16BD-E3E410052099}"
EndProject
Global
	GlobalSection(SolutionConfigurationPlatforms) = preSolution
		Debug|Any CPU = Debug|Any CPU
		Release|Any CPU = Release|Any CPU
	EndGlobalSection
	GlobalSection(ProjectConfigurationPlatforms) = postSolution
		{96E9AAFB-3BD3-12B0-16BD-E3E410052099}.Debug|Any CPU.ActiveCfg = Debug|Any CPU
		{96E9AAFB-3BD3-12B0-16BD-E3E410052099}.Debug|Any CPU.Build.0 = Debug|Any CPU
		{96E9AAFB-3BD3-12B0-16BD-E3E410052099}.Release|Any CPU.ActiveCfg = Release|Any CPU
		{96E9AAFB-3BD3-12B0-16BD-E3E410052099}.Release|Any CPU.Build.0 = Release|Any CPU
	EndGlobalSection
	GlobalSection(SolutionProperties) = preSolution
		HideSolutionNode = FALSE
	EndGlobalSection
	GlobalSection(ExtensibilityGlobals) = postSolution
		SolutionGuid = {9C31BAD1-8B3D-4A5A-973B-456A288A3C73}
	EndGlobalSection
EndGlobal
